
Microsoft Visual Studio Solution File, Format Version 12.00
# Visual Studio Version 17
VisualStudioVersion = 17.14.36221.1
MinimumVisualStudioVersion = 10.0.40219.1
Project("{FAE04EC0-301F-11D3-BF4B-00C04F79EFBC}") = "FocusX for Windows", "test3\FocusX for Windows.csproj", "{E2F9AFC6-4C18-40FA-89A6-2BE7108B78F6}"
EndProject
Global
	GlobalSection(SolutionConfigurationPlatforms) = preSolution
		Debug|Any CPU = Debug|Any CPU
		Debug|x64 = Debug|x64
		Release|Any CPU = Release|Any CPU
		Release|x64 = Release|x64
	EndGlobalSection
	GlobalSection(ProjectConfigurationPlatforms) = postSolution
		{E2F9AFC6-4C18-40FA-89A6-2BE7108B78F6}.Debug|Any CPU.ActiveCfg = Debug|Any CPU
		{E2F9AFC6-4C18-40FA-89A6-2BE7108B78F6}.Debug|Any CPU.Build.0 = Debug|Any CPU
		{E2F9AFC6-4C18-40FA-89A6-2BE7108B78F6}.Debug|x64.ActiveCfg = Debug|x64
		{E2F9AFC6-4C18-40FA-89A6-2BE7108B78F6}.Debug|x64.Build.0 = Debug|x64
		{E2F9AFC6-4C18-40FA-89A6-2BE7108B78F6}.Release|Any CPU.ActiveCfg = Release|Any CPU
		{E2F9AFC6-4C18-40FA-89A6-2BE7108B78F6}.Release|Any CPU.Build.0 = Release|Any CPU
		{E2F9AFC6-4C18-40FA-89A6-2BE7108B78F6}.Release|x64.ActiveCfg = Release|x64
		{E2F9AFC6-4C18-40FA-89A6-2BE7108B78F6}.Release|x64.Build.0 = Release|x64
	EndGlobalSection
	GlobalSection(SolutionProperties) = preSolution
		HideSolutionNode = FALSE
	EndGlobalSection
	GlobalSection(ExtensibilityGlobals) = postSolution
		SolutionGuid = {6CD79BFD-75FB-4370-9971-1623E1BD31CB}
	EndGlobalSection
EndGlobal
